{
  "version": 4,
  "terraform_version": "1.0.2",
  "serial": 92,
  "lineage": "239affd7-1b2f-c153-35ec-695b922c79bb",
  "outputs": {},
  "resources": [
    {
      "mode": "data",
      "type": "aws_internet_gateway",
      "name": "ac-xl-igw-jburga",
      "provider": "provider[\"registry.terraform.io/hashicorp/aws\"]",
      "instances": [
        {
          "schema_version": 0,
          "attributes": {
            "arn": "arn:aws:ec2:us-east-1:509130302659:internet-gateway/igw-0feb0ed66fddac3cf",
            "attachments": [
              {
                "state": "available",
                "vpc_id": "vpc-0b543be57021fc072"
              }
            ],
            "filter": [
              {
                "name": "attachment.vpc-id",
                "values": [
                  "vpc-0b543be57021fc072"
                ]
              }
            ],
            "id": "igw-0feb0ed66fddac3cf",
            "internet_gateway_id": "igw-0feb0ed66fddac3cf",
            "owner_id": "509130302659",
            "tags": {
              "Name": "ac-xl-academy-igw"
            }
          },
          "sensitive_attributes": []
        }
      ]
    },
    {
      "mode": "data",
      "type": "aws_vpc",
      "name": "vpc_academy",
      "provider": "provider[\"registry.terraform.io/hashicorp/aws\"]",
      "instances": [
        {
          "schema_version": 0,
          "attributes": {
            "arn": "arn:aws:ec2:us-east-1:509130302659:vpc/vpc-0b543be57021fc072",
            "cidr_block": "10.0.0.0/16",
            "cidr_block_associations": [
              {
                "association_id": "vpc-cidr-assoc-06821ae0252475858",
                "cidr_block": "10.0.0.0/16",
                "state": "associated"
              }
            ],
            "default": false,
            "dhcp_options_id": "dopt-b99482db",
            "enable_dns_hostnames": true,
            "enable_dns_support": true,
            "filter": null,
            "id": "vpc-0b543be57021fc072",
            "instance_tenancy": "default",
            "ipv6_association_id": null,
            "ipv6_cidr_block": null,
            "main_route_table_id": "rtb-02e45ec063fdf2102",
            "owner_id": "509130302659",
            "state": "available",
            "tags": {
              "Name": "ac-xl-vpc-academy-xl",
              "env": ""
            }
          },
          "sensitive_attributes": []
        }
      ]
    },
    {
      "mode": "managed",
      "type": "aws_instance",
      "name": "ac-xl-ec2-jburga",
      "provider": "provider[\"registry.terraform.io/hashicorp/aws\"]",
      "instances": [
        {
          "schema_version": 1,
          "attributes": {
            "ami": "ami-0dc2d3e4c0f9ebd18",
            "arn": "arn:aws:ec2:us-east-1:509130302659:instance/i-027c980ff1c10fa9a",
            "associate_public_ip_address": true,
            "availability_zone": "us-east-1a",
            "capacity_reservation_specification": [
              {
                "capacity_reservation_preference": "open",
                "capacity_reservation_target": []
              }
            ],
            "cpu_core_count": 1,
            "cpu_threads_per_core": 1,
            "credit_specification": [
              {
                "cpu_credits": "standard"
              }
            ],
            "disable_api_termination": false,
            "ebs_block_device": [],
            "ebs_optimized": false,
            "enclave_options": [
              {
                "enabled": false
              }
            ],
            "ephemeral_block_device": [],
            "get_password_data": false,
            "hibernation": false,
            "host_id": null,
            "iam_instance_profile": "",
            "id": "i-027c980ff1c10fa9a",
            "instance_initiated_shutdown_behavior": "stop",
            "instance_state": "running",
            "instance_type": "t2.micro",
            "ipv6_address_count": 0,
            "ipv6_addresses": [],
            "key_name": "camilo-rojas-lab",
            "metadata_options": [
              {
                "http_endpoint": "enabled",
                "http_put_response_hop_limit": 1,
                "http_tokens": "optional"
              }
            ],
            "monitoring": false,
            "network_interface": [],
            "outpost_arn": "",
            "password_data": "",
            "placement_group": "",
            "primary_network_interface_id": "eni-020c6bd65da545adb",
            "private_dns": "ip-10-0-3-243.ec2.internal",
            "private_ip": "10.0.3.243",
            "public_dns": "ec2-3-238-65-166.compute-1.amazonaws.com",
            "public_ip": "3.238.65.166",
            "root_block_device": [
              {
                "delete_on_termination": true,
                "device_name": "/dev/xvda",
                "encrypted": false,
                "iops": 100,
                "kms_key_id": "",
                "tags": {},
                "throughput": 0,
                "volume_id": "vol-09ec6d921a6f7c76f",
                "volume_size": 8,
                "volume_type": "gp2"
              }
            ],
            "secondary_private_ips": [],
            "security_groups": [
              "sg-06ca25f4132629ae2"
            ],
            "source_dest_check": true,
            "subnet_id": "subnet-00c5c055b99759a9b",
            "tags": {
              "Name": "ac-xl-ec2-jburga"
            },
            "tags_all": {
              "Name": "ac-xl-ec2-jburga"
            },
            "tenancy": "default",
            "timeouts": null,
            "user_data": "de0bd32fa1059835d2b33d2a8b349f34663c60c4",
            "user_data_base64": null,
            "volume_tags": null,
            "vpc_security_group_ids": [
              "sg-06ca25f4132629ae2"
            ]
          },
          "sensitive_attributes": [],
          "private": "eyJlMmJmYjczMC1lY2FhLTExZTYtOGY4OC0zNDM2M2JjN2M0YzAiOnsiY3JlYXRlIjo2MDAwMDAwMDAwMDAsImRlbGV0ZSI6MTIwMDAwMDAwMDAwMCwidXBkYXRlIjo2MDAwMDAwMDAwMDB9LCJzY2hlbWFfdmVyc2lvbiI6IjEifQ==",
          "dependencies": [
            "aws_security_group.ac-xl-sg-jburga-1",
            "aws_subnet.ac-xl-public-jburga-1"
          ]
        }
      ]
    },
    {
      "mode": "managed",
      "type": "aws_route_table",
      "name": "ac-xl-rot-jburga-pub-1",
      "provider": "provider[\"registry.terraform.io/hashicorp/aws\"]",
      "instances": [
        {
          "schema_version": 0,
          "attributes": {
            "arn": "arn:aws:ec2:us-east-1:509130302659:route-table/rtb-04f19d940de3a0a87",
            "id": "rtb-04f19d940de3a0a87",
            "owner_id": "509130302659",
            "propagating_vgws": [],
            "route": [
              {
                "carrier_gateway_id": "",
                "cidr_block": "0.0.0.0/0",
                "destination_prefix_list_id": "",
                "egress_only_gateway_id": "",
                "gateway_id": "igw-0feb0ed66fddac3cf",
                "instance_id": "",
                "ipv6_cidr_block": "",
                "local_gateway_id": "",
                "nat_gateway_id": "",
                "network_interface_id": "",
                "transit_gateway_id": "",
                "vpc_endpoint_id": "",
                "vpc_peering_connection_id": ""
              }
            ],
            "tags": {
              "Name": "ac-xl-rot-jburga-pub-1",
              "env": "ac-xl-terr-lab-1"
            },
            "tags_all": {
              "Name": "ac-xl-rot-jburga-pub-1",
              "env": "ac-xl-terr-lab-1"
            },
            "vpc_id": "vpc-0b543be57021fc072"
          },
          "sensitive_attributes": [],
          "private": "bnVsbA==",
          "dependencies": [
            "data.aws_vpc.vpc_academy"
          ]
        }
      ]
    },
    {
      "mode": "managed",
      "type": "aws_route_table_association",
      "name": "sub-ac-xl-public-jburga-1-to-rot-ac-xl-rot-jburga-pub-1",
      "provider": "provider[\"registry.terraform.io/hashicorp/aws\"]",
      "instances": [
        {
          "schema_version": 0,
          "attributes": {
            "gateway_id": "",
            "id": "rtbassoc-0306f53add9422efe",
            "route_table_id": "rtb-04f19d940de3a0a87",
            "subnet_id": "subnet-00c5c055b99759a9b"
          },
          "sensitive_attributes": [],
          "private": "bnVsbA==",
          "dependencies": [
            "aws_route_table.ac-xl-rot-jburga-pub-1",
            "aws_subnet.ac-xl-public-jburga-1",
            "data.aws_vpc.vpc_academy"
          ]
        }
      ]
    },
    {
      "mode": "managed",
      "type": "aws_security_group",
      "name": "ac-xl-sg-jburga-1",
      "provider": "provider[\"registry.terraform.io/hashicorp/aws\"]",
      "instances": [
        {
          "schema_version": 1,
          "attributes": {
            "arn": "arn:aws:ec2:us-east-1:509130302659:security-group/sg-06ca25f4132629ae2",
            "description": "ac-xl-sg-jburga-1",
            "egress": [
              {
                "cidr_blocks": [
                  "0.0.0.0/0"
                ],
                "description": "",
                "from_port": 0,
                "ipv6_cidr_blocks": [
                  "::/0"
                ],
                "prefix_list_ids": [],
                "protocol": "-1",
                "security_groups": [],
                "self": false,
                "to_port": 0
              }
            ],
            "id": "sg-06ca25f4132629ae2",
            "ingress": [
              {
                "cidr_blocks": [
                  "0.0.0.0/0"
                ],
                "description": "zzzzzzz",
                "from_port": 443,
                "ipv6_cidr_blocks": [],
                "prefix_list_ids": [],
                "protocol": "tcp",
                "security_groups": [],
                "self": false,
                "to_port": 443
              },
              {
                "cidr_blocks": [
                  "0.0.0.0/0"
                ],
                "description": "zzzzzzz",
                "from_port": 80,
                "ipv6_cidr_blocks": [],
                "prefix_list_ids": [],
                "protocol": "tcp",
                "security_groups": [],
                "self": false,
                "to_port": 80
              },
              {
                "cidr_blocks": [
                  "179.33.114.5/32"
                ],
                "description": "zzzzzzz",
                "from_port": 22,
                "ipv6_cidr_blocks": [],
                "prefix_list_ids": [],
                "protocol": "tcp",
                "security_groups": [],
                "self": false,
                "to_port": 22
              }
            ],
            "name": "ac-xl-sg-jburga-1",
            "name_prefix": "",
            "owner_id": "509130302659",
            "revoke_rules_on_delete": false,
            "tags": {
              "env": "ac-xl-terr-lab-1",
              "owner": "terraform"
            },
            "tags_all": {
              "env": "ac-xl-terr-lab-1",
              "owner": "terraform"
            },
            "timeouts": null,
            "vpc_id": "vpc-0b543be57021fc072"
          },
          "sensitive_attributes": [],
          "private": "eyJlMmJmYjczMC1lY2FhLTExZTYtOGY4OC0zNDM2M2JjN2M0YzAiOnsiY3JlYXRlIjo2MDAwMDAwMDAwMDAsImRlbGV0ZSI6OTAwMDAwMDAwMDAwfSwic2NoZW1hX3ZlcnNpb24iOiIxIn0=",
          "dependencies": [
            "data.aws_vpc.vpc_academy"
          ]
        }
      ]
    },
    {
      "mode": "managed",
      "type": "aws_subnet",
      "name": "ac-xl-public-jburga-1",
      "provider": "provider[\"registry.terraform.io/hashicorp/aws\"]",
      "instances": [
        {
          "schema_version": 1,
          "attributes": {
            "arn": "arn:aws:ec2:us-east-1:509130302659:subnet/subnet-00c5c055b99759a9b",
            "assign_ipv6_address_on_creation": false,
            "availability_zone": "us-east-1a",
            "availability_zone_id": "use1-az1",
            "cidr_block": "10.0.3.0/24",
            "customer_owned_ipv4_pool": "",
            "id": "subnet-00c5c055b99759a9b",
            "ipv6_cidr_block": "",
            "ipv6_cidr_block_association_id": "",
            "map_customer_owned_ip_on_launch": false,
            "map_public_ip_on_launch": true,
            "outpost_arn": "",
            "owner_id": "509130302659",
            "tags": {
              "Name": "ac-xl-public-jburga-1",
              "env": "ac-xl-terr-lab-1"
            },
            "tags_all": {
              "Name": "ac-xl-public-jburga-1",
              "env": "ac-xl-terr-lab-1"
            },
            "timeouts": null,
            "vpc_id": "vpc-0b543be57021fc072"
          },
          "sensitive_attributes": [],
          "private": "eyJlMmJmYjczMC1lY2FhLTExZTYtOGY4OC0zNDM2M2JjN2M0YzAiOnsiY3JlYXRlIjo2MDAwMDAwMDAwMDAsImRlbGV0ZSI6MTIwMDAwMDAwMDAwMH0sInNjaGVtYV92ZXJzaW9uIjoiMSJ9",
          "dependencies": [
            "data.aws_vpc.vpc_academy"
          ]
        }
      ]
    }
  ]
}
